
Microsoft Visual Studio Solution File, Format Version 12.00
# Visual Studio Version 17
VisualStudioVersion = 17.2.32630.192
MinimumVisualStudioVersion = 10.0.40219.1
Project("{FAE04EC0-301F-11D3-BF4B-00C04F79EFBC}") = "01_Ora_Loverseny", "01_Ora_Loverseny\01_Ora_Loverseny.csproj", "{3E7D72E5-A06F-4DE3-AF14-7225DE988CA1}"
EndProject
Global
	GlobalSection(SolutionConfigurationPlatforms) = preSolution
		Debug|Any CPU = Debug|Any CPU
		Release|Any CPU = Release|Any CPU
	EndGlobalSection
	GlobalSection(ProjectConfigurationPlatforms) = postSolution
		{3E7D72E5-A06F-4DE3-AF14-7225DE988CA1}.Debug|Any CPU.ActiveCfg = Debug|Any CPU
		{3E7D72E5-A06F-4DE3-AF14-7225DE988CA1}.Debug|Any CPU.Build.0 = Debug|Any CPU
		{3E7D72E5-A06F-4DE3-AF14-7225DE988CA1}.Release|Any CPU.ActiveCfg = Release|Any CPU
		{3E7D72E5-A06F-4DE3-AF14-7225DE988CA1}.Release|Any CPU.Build.0 = Release|Any CPU
	EndGlobalSection
	GlobalSection(SolutionProperties) = preSolution
		HideSolutionNode = FALSE
	EndGlobalSection
	GlobalSection(ExtensibilityGlobals) = postSolution
		SolutionGuid = {95B9B6FB-815F-4423-B104-1967EC392EE2}
	EndGlobalSection
EndGlobal
